# herdr-lazy lock — resolved plugin set at last sync.
# Each `owner/repo@commit` reproduces exactly via `plugin install --ref`.
# Commits come from herdr's own `source.resolved_commit`.

natori-hrj/herdr-lazy@6c756ca4f0176fc42955d2e5faff88a2b810c1d7
m1sk9/herdr-worktree-hooks-plugin@225cf636e09f876af91925095842ba06caf36a35
smarzban/herdr-file-viewer@c237626260478d5f2d788149fc741ddf3c3588ba
