# herdr-lazy lock — resolved plugin set at last sync.
# Each `owner/repo@commit` reproduces exactly via `plugin install --ref`.
# Commits come from herdr's own `source.resolved_commit`.

natori-hrj/herdr-lazy@6c756ca4f0176fc42955d2e5faff88a2b810c1d7
m1sk9/herdr-worktree-hooks-plugin@e7f50f481100de809dc8160d9f0f723d398083a8
smarzban/herdr-file-viewer@a2368d701659813938f79e2f1e5aa4e9f4fb2b77
